// !$*UTF8*$!
{
	archiveVersion = 1;
	classes = {
	};
	objectVersion = 46;
	objects = {

/* Begin PBXBuildFile section */
		3C72EE231AFB99E300C804D9 /* Bolts.framework in Frameworks */ = {isa = PBXBuildFile; fileRef = 3C72EE1D1AFB99E300C804D9 /* Bolts.framework */; };
		3C72EE241AFB99E300C804D9 /* Parse.framework in Frameworks */ = {isa = PBXBuildFile; fileRef = 3C72EE1E1AFB99E300C804D9 /* Parse.framework */; };
		3C72EE251AFB99E300C804D9 /* ParseCrashReporting.framework in Frameworks */ = {isa = PBXBuildFile; fileRef = 3C72EE1F1AFB99E300C804D9 /* ParseCrashReporting.framework */; };
		3C72EE261AFB99E300C804D9 /* ParseFacebookUtils.framework in Frameworks */ = {isa = PBXBuildFile; fileRef = 3C72EE201AFB99E300C804D9 /* ParseFacebookUtils.framework */; };
		3C72EE271AFB99E300C804D9 /* ParseFacebookUtilsV4.framework in Frameworks */ = {isa = PBXBuildFile; fileRef = 3C72EE211AFB99E300C804D9 /* ParseFacebookUtilsV4.framework */; };
		3C72EE281AFB99E300C804D9 /* ParseUI.framework in Frameworks */ = {isa = PBXBuildFile; fileRef = 3C72EE221AFB99E300C804D9 /* ParseUI.framework */; };
		3C72EE341AFB9ADD00C804D9 /* AudioToolbox.framework in Frameworks */ = {isa = PBXBuildFile; fileRef = 3C72EE291AFB9ADD00C804D9 /* AudioToolbox.framework */; };
		3C72EE351AFB9ADD00C804D9 /* CFNetwork.framework in Frameworks */ = {isa = PBXBuildFile; fileRef = 3C72EE2A1AFB9ADD00C804D9 /* CFNetwork.framework */; };
		3C72EE361AFB9ADD00C804D9 /* CoreGraphics.framework in Frameworks */ = {isa = PBXBuildFile; fileRef = 3C72EE2B1AFB9ADD00C804D9 /* CoreGraphics.framework */; };
		3C72EE371AFB9ADD00C804D9 /* CoreLocation.framework in Frameworks */ = {isa = PBXBuildFile; fileRef = 3C72EE2C1AFB9ADD00C804D9 /* CoreLocation.framework */; };
		3C72EE381AFB9ADD00C804D9 /* libsqlite3.dylib in Frameworks */ = {isa = PBXBuildFile; fileRef = 3C72EE2D1AFB9ADD00C804D9 /* libsqlite3.dylib */; };
		3C72EE391AFB9ADD00C804D9 /* libz.dylib in Frameworks */ = {isa = PBXBuildFile; fileRef = 3C72EE2E1AFB9ADD00C804D9 /* libz.dylib */; };
		3C72EE3A1AFB9ADD00C804D9 /* MobileCoreServices.framework in Frameworks */ = {isa = PBXBuildFile; fileRef = 3C72EE2F1AFB9ADD00C804D9 /* MobileCoreServices.framework */; };
		3C72EE3B1AFB9ADD00C804D9 /* QuartzCore.framework in Frameworks */ = {isa = PBXBuildFile; fileRef = 3C72EE301AFB9ADD00C804D9 /* QuartzCore.framework */; };
		3C72EE3C1AFB9ADD00C804D9 /* Security.framework in Frameworks */ = {isa = PBXBuildFile; fileRef = 3C72EE311AFB9ADD00C804D9 /* Security.framework */; };
		3C72EE3D1AFB9ADD00C804D9 /* StoreKit.framework in Frameworks */ = {isa = PBXBuildFile; fileRef = 3C72EE321AFB9ADD00C804D9 /* StoreKit.framework */; };
		3C72EE3E1AFB9ADD00C804D9 /* SystemConfiguration.framework in Frameworks */ = {isa = PBXBuildFile; fileRef = 3C72EE331AFB9ADD00C804D9 /* SystemConfiguration.framework */; };
		BF1EEE411B00D86F00E71F3E /* SearchViewController.swift in Sources */ = {isa = PBXBuildFile; fileRef = BF1EEE401B00D86F00E71F3E /* SearchViewController.swift */; };
		BF1EEE431B00DF7C00E71F3E /* LoginViewController.swift in Sources */ = {isa = PBXBuildFile; fileRef = BF1EEE421B00DF7C00E71F3E /* LoginViewController.swift */; };
		BF1EEE451B00E24E00E71F3E /* TicketViewController.swift in Sources */ = {isa = PBXBuildFile; fileRef = BF1EEE441B00E24E00E71F3E /* TicketViewController.swift */; };
		BF1EEE471B02224700E71F3E /* UserDefaultsManager.swift in Sources */ = {isa = PBXBuildFile; fileRef = BF1EEE461B02224700E71F3E /* UserDefaultsManager.swift */; };
		BF9BD1CA1AFB9D640082B724 /* LocationViewController.swift in Sources */ = {isa = PBXBuildFile; fileRef = BF9BD1C91AFB9D640082B724 /* LocationViewController.swift */; };
		BF9BD1CF1AFCE1850082B724 /* InAppViewController.swift in Sources */ = {isa = PBXBuildFile; fileRef = BF9BD1CE1AFCE1850082B724 /* InAppViewController.swift */; };
		F10D8AFE1AFB984100314946 /* AppDelegate.swift in Sources */ = {isa = PBXBuildFile; fileRef = F10D8AFD1AFB984100314946 /* AppDelegate.swift */; };
		F10D8B031AFB984100314946 /* Main.storyboard in Resources */ = {isa = PBXBuildFile; fileRef = F10D8B011AFB984100314946 /* Main.storyboard */; };
		F10D8B051AFB984100314946 /* Images.xcassets in Resources */ = {isa = PBXBuildFile; fileRef = F10D8B041AFB984100314946 /* Images.xcassets */; };
		F10D8B081AFB984100314946 /* LaunchScreen.xib in Resources */ = {isa = PBXBuildFile; fileRef = F10D8B061AFB984100314946 /* LaunchScreen.xib */; };
		F10D8B141AFB984100314946 /* StoreAnalyticsTests.swift in Sources */ = {isa = PBXBuildFile; fileRef = F10D8B131AFB984100314946 /* StoreAnalyticsTests.swift */; };
/* End PBXBuildFile section */

/* Begin PBXContainerItemProxy section */
		F10D8B0E1AFB984100314946 /* PBXContainerItemProxy */ = {
			isa = PBXContainerItemProxy;
			containerPortal = F10D8AF01AFB984100314946 /* Project object */;
			proxyType = 1;
			remoteGlobalIDString = F10D8AF71AFB984100314946;
			remoteInfo = StoreAnalytics;
		};
/* End PBXContainerItemProxy section */

/* Begin PBXFileReference section */
		3C72EE1D1AFB99E300C804D9 /* Bolts.framework */ = {isa = PBXFileReference; lastKnownFileType = wrapper.framework; path = Bolts.framework; sourceTree = "<group>"; };
		3C72EE1E1AFB99E300C804D9 /* Parse.framework */ = {isa = PBXFileReference; lastKnownFileType = wrapper.framework; path = Parse.framework; sourceTree = "<group>"; };
		3C72EE1F1AFB99E300C804D9 /* ParseCrashReporting.framework */ = {isa = PBXFileReference; lastKnownFileType = wrapper.framework; path = ParseCrashReporting.framework; sourceTree = "<group>"; };
		3C72EE201AFB99E300C804D9 /* ParseFacebookUtils.framework */ = {isa = PBXFileReference; lastKnownFileType = wrapper.framework; path = ParseFacebookUtils.framework; sourceTree = "<group>"; };
		3C72EE211AFB99E300C804D9 /* ParseFacebookUtilsV4.framework */ = {isa = PBXFileReference; lastKnownFileType = wrapper.framework; path = ParseFacebookUtilsV4.framework; sourceTree = "<group>"; };
		3C72EE221AFB99E300C804D9 /* ParseUI.framework */ = {isa = PBXFileReference; lastKnownFileType = wrapper.framework; path = ParseUI.framework; sourceTree = "<group>"; };
		3C72EE291AFB9ADD00C804D9 /* AudioToolbox.framework */ = {isa = PBXFileReference; lastKnownFileType = wrapper.framework; name = AudioToolbox.framework; path = System/Library/Frameworks/AudioToolbox.framework; sourceTree = SDKROOT; };
		3C72EE2A1AFB9ADD00C804D9 /* CFNetwork.framework */ = {isa = PBXFileReference; lastKnownFileType = wrapper.framework; name = CFNetwork.framework; path = System/Library/Frameworks/CFNetwork.framework; sourceTree = SDKROOT; };
		3C72EE2B1AFB9ADD00C804D9 /* CoreGraphics.framework */ = {isa = PBXFileReference; lastKnownFileType = wrapper.framework; name = CoreGraphics.framework; path = System/Library/Frameworks/CoreGraphics.framework; sourceTree = SDKROOT; };
		3C72EE2C1AFB9ADD00C804D9 /* CoreLocation.framework */ = {isa = PBXFileReference; lastKnownFileType = wrapper.framework; name = CoreLocation.framework; path = System/Library/Frameworks/CoreLocation.framework; sourceTree = SDKROOT; };
		3C72EE2D1AFB9ADD00C804D9 /* libsqlite3.dylib */ = {isa = PBXFileReference; lastKnownFileType = "compiled.mach-o.dylib"; name = libsqlite3.dylib; path = usr/lib/libsqlite3.dylib; sourceTree = SDKROOT; };
		3C72EE2E1AFB9ADD00C804D9 /* libz.dylib */ = {isa = PBXFileReference; lastKnownFileType = "compiled.mach-o.dylib"; name = libz.dylib; path = usr/lib/libz.dylib; sourceTree = SDKROOT; };
		3C72EE2F1AFB9ADD00C804D9 /* MobileCoreServices.framework */ = {isa = PBXFileReference; lastKnownFileType = wrapper.framework; name = MobileCoreServices.framework; path = System/Library/Frameworks/MobileCoreServices.framework; sourceTree = SDKROOT; };
		3C72EE301AFB9ADD00C804D9 /* QuartzCore.framework */ = {isa = PBXFileReference; lastKnownFileType = wrapper.framework; name = QuartzCore.framework; path = System/Library/Frameworks/QuartzCore.framework; sourceTree = SDKROOT; };
		3C72EE311AFB9ADD00C804D9 /* Security.framework */ = {isa = PBXFileReference; lastKnownFileType = wrapper.framework; name = Security.framework; path = System/Library/Frameworks/Security.framework; sourceTree = SDKROOT; };
		3C72EE321AFB9ADD00C804D9 /* StoreKit.framework */ = {isa = PBXFileReference; lastKnownFileType = wrapper.framework; name = StoreKit.framework; path = System/Library/Frameworks/StoreKit.framework; sourceTree = SDKROOT; };
		3C72EE331AFB9ADD00C804D9 /* SystemConfiguration.framework */ = {isa = PBXFileReference; lastKnownFileType = wrapper.framework; name = SystemConfiguration.framework; path = System/Library/Frameworks/SystemConfiguration.framework; sourceTree = SDKROOT; };
		BF1EEE401B00D86F00E71F3E /* SearchViewController.swift */ = {isa = PBXFileReference; fileEncoding = 4; lastKnownFileType = sourcecode.swift; path = SearchViewController.swift; sourceTree = "<group>"; };
		BF1EEE421B00DF7C00E71F3E /* LoginViewController.swift */ = {isa = PBXFileReference; fileEncoding = 4; lastKnownFileType = sourcecode.swift; path = LoginViewController.swift; sourceTree = "<group>"; };
		BF1EEE441B00E24E00E71F3E /* TicketViewController.swift */ = {isa = PBXFileReference; fileEncoding = 4; lastKnownFileType = sourcecode.swift; path = TicketViewController.swift; sourceTree = "<group>"; };
		BF1EEE461B02224700E71F3E /* UserDefaultsManager.swift */ = {isa = PBXFileReference; fileEncoding = 4; lastKnownFileType = sourcecode.swift; path = UserDefaultsManager.swift; sourceTree = "<group>"; };
		BF9BD1C91AFB9D640082B724 /* LocationViewController.swift */ = {isa = PBXFileReference; fileEncoding = 4; lastKnownFileType = sourcecode.swift; path = LocationViewController.swift; sourceTree = "<group>"; };
		BF9BD1CE1AFCE1850082B724 /* InAppViewController.swift */ = {isa = PBXFileReference; fileEncoding = 4; lastKnownFileType = sourcecode.swift; path = InAppViewController.swift; sourceTree = "<group>"; };
		F10D8AF81AFB984100314946 /* StoreAnalytics.app */ = {isa = PBXFileReference; explicitFileType = wrapper.application; includeInIndex = 0; path = StoreAnalytics.app; sourceTree = BUILT_PRODUCTS_DIR; };
		F10D8AFC1AFB984100314946 /* Info.plist */ = {isa = PBXFileReference; lastKnownFileType = text.plist.xml; path = Info.plist; sourceTree = "<group>"; };
		F10D8AFD1AFB984100314946 /* AppDelegate.swift */ = {isa = PBXFileReference; lastKnownFileType = sourcecode.swift; path = AppDelegate.swift; sourceTree = "<group>"; };
		F10D8B021AFB984100314946 /* Base */ = {isa = PBXFileReference; lastKnownFileType = file.storyboard; name = Base; path = Base.lproj/Main.storyboard; sourceTree = "<group>"; };
		F10D8B041AFB984100314946 /* Images.xcassets */ = {isa = PBXFileReference; lastKnownFileType = folder.assetcatalog; path = Images.xcassets; sourceTree = "<group>"; };
		F10D8B071AFB984100314946 /* Base */ = {isa = PBXFileReference; lastKnownFileType = file.xib; name = Base; path = Base.lproj/LaunchScreen.xib; sourceTree = "<group>"; };
		F10D8B0D1AFB984100314946 /* StoreAnalyticsTests.xctest */ = {isa = PBXFileReference; explicitFileType = wrapper.cfbundle; includeInIndex = 0; path = StoreAnalyticsTests.xctest; sourceTree = BUILT_PRODUCTS_DIR; };
		F10D8B121AFB984100314946 /* Info.plist */ = {isa = PBXFileReference; lastKnownFileType = text.plist.xml; path = Info.plist; sourceTree = "<group>"; };
		F10D8B131AFB984100314946 /* StoreAnalyticsTests.swift */ = {isa = PBXFileReference; lastKnownFileType = sourcecode.swift; path = StoreAnalyticsTests.swift; sourceTree = "<group>"; };
/* End PBXFileReference section */

/* Begin PBXFrameworksBuildPhase section */
		F10D8AF51AFB984100314946 /* Frameworks */ = {
			isa = PBXFrameworksBuildPhase;
			buildActionMask = 2147483647;
			files = (
				3C72EE341AFB9ADD00C804D9 /* AudioToolbox.framework in Frameworks */,
				3C72EE351AFB9ADD00C804D9 /* CFNetwork.framework in Frameworks */,
				3C72EE361AFB9ADD00C804D9 /* CoreGraphics.framework in Frameworks */,
				3C72EE371AFB9ADD00C804D9 /* CoreLocation.framework in Frameworks */,
				3C72EE381AFB9ADD00C804D9 /* libsqlite3.dylib in Frameworks */,
				3C72EE391AFB9ADD00C804D9 /* libz.dylib in Frameworks */,
				3C72EE3A1AFB9ADD00C804D9 /* MobileCoreServices.framework in Frameworks */,
				3C72EE3B1AFB9ADD00C804D9 /* QuartzCore.framework in Frameworks */,
				3C72EE3C1AFB9ADD00C804D9 /* Security.framework in Frameworks */,
				3C72EE3D1AFB9ADD00C804D9 /* StoreKit.framework in Frameworks */,
				3C72EE3E1AFB9ADD00C804D9 /* SystemConfiguration.framework in Frameworks */,
				3C72EE281AFB99E300C804D9 /* ParseUI.framework in Frameworks */,
				3C72EE241AFB99E300C804D9 /* Parse.framework in Frameworks */,
				3C72EE251AFB99E300C804D9 /* ParseCrashReporting.framework in Frameworks */,
				3C72EE261AFB99E300C804D9 /* ParseFacebookUtils.framework in Frameworks */,
				3C72EE231AFB99E300C804D9 /* Bolts.framework in Frameworks */,
				3C72EE271AFB99E300C804D9 /* ParseFacebookUtilsV4.framework in Frameworks */,
			);
			runOnlyForDeploymentPostprocessing = 0;
		};
		F10D8B0A1AFB984100314946 /* Frameworks */ = {
			isa = PBXFrameworksBuildPhase;
			buildActionMask = 2147483647;
			files = (
			);
			runOnlyForDeploymentPostprocessing = 0;
		};
/* End PBXFrameworksBuildPhase section */

/* Begin PBXGroup section */
		3C72EE1B1AFB99C800C804D9 /* Frameworks */ = {
			isa = PBXGroup;
			children = (
				3C72EE291AFB9ADD00C804D9 /* AudioToolbox.framework */,
				3C72EE2A1AFB9ADD00C804D9 /* CFNetwork.framework */,
				3C72EE2B1AFB9ADD00C804D9 /* CoreGraphics.framework */,
				3C72EE2C1AFB9ADD00C804D9 /* CoreLocation.framework */,
				3C72EE2D1AFB9ADD00C804D9 /* libsqlite3.dylib */,
				3C72EE2E1AFB9ADD00C804D9 /* libz.dylib */,
				3C72EE2F1AFB9ADD00C804D9 /* MobileCoreServices.framework */,
				3C72EE301AFB9ADD00C804D9 /* QuartzCore.framework */,
				3C72EE311AFB9ADD00C804D9 /* Security.framework */,
				3C72EE321AFB9ADD00C804D9 /* StoreKit.framework */,
				3C72EE331AFB9ADD00C804D9 /* SystemConfiguration.framework */,
				3C72EE1C1AFB99E300C804D9 /* parse */,
			);
			name = Frameworks;
			sourceTree = "<group>";
		};
		3C72EE1C1AFB99E300C804D9 /* parse */ = {
			isa = PBXGroup;
			children = (
				3C72EE1D1AFB99E300C804D9 /* Bolts.framework */,
				3C72EE1E1AFB99E300C804D9 /* Parse.framework */,
				3C72EE1F1AFB99E300C804D9 /* ParseCrashReporting.framework */,
				3C72EE201AFB99E300C804D9 /* ParseFacebookUtils.framework */,
				3C72EE211AFB99E300C804D9 /* ParseFacebookUtilsV4.framework */,
				3C72EE221AFB99E300C804D9 /* ParseUI.framework */,
			);
			name = parse;
			path = "parse-library-1-5";
			sourceTree = "<group>";
		};
		BF9BD1CB1AFB9DCD0082B724 /* Controller */ = {
			isa = PBXGroup;
			children = (
				BF9BD1C91AFB9D640082B724 /* LocationViewController.swift */,
				BF9BD1CE1AFCE1850082B724 /* InAppViewController.swift */,
				BF1EEE401B00D86F00E71F3E /* SearchViewController.swift */,
				BF1EEE421B00DF7C00E71F3E /* LoginViewController.swift */,
				BF1EEE441B00E24E00E71F3E /* TicketViewController.swift */,
			);
			name = Controller;
			sourceTree = "<group>";
		};
		BF9BD1CC1AFB9DDB0082B724 /* View */ = {
			isa = PBXGroup;
			children = (
				F10D8B061AFB984100314946 /* LaunchScreen.xib */,
				F10D8B011AFB984100314946 /* Main.storyboard */,
			);
			name = View;
			sourceTree = "<group>";
		};
		BF9BD1CD1AFB9DE00082B724 /* Model */ = {
			isa = PBXGroup;
			children = (
				BF1EEE461B02224700E71F3E /* UserDefaultsManager.swift */,
			);
			name = Model;
			sourceTree = "<group>";
		};
		F10D8AEF1AFB984100314946 = {
			isa = PBXGroup;
			children = (
				F10D8AFA1AFB984100314946 /* StoreAnalytics */,
				F10D8B101AFB984100314946 /* StoreAnalyticsTests */,
				F10D8AF91AFB984100314946 /* Products */,
				3C72EE1B1AFB99C800C804D9 /* Frameworks */,
			);
			sourceTree = "<group>";
		};
		F10D8AF91AFB984100314946 /* Products */ = {
			isa = PBXGroup;
			children = (
				F10D8AF81AFB984100314946 /* StoreAnalytics.app */,
				F10D8B0D1AFB984100314946 /* StoreAnalyticsTests.xctest */,
			);
			name = Products;
			sourceTree = "<group>";
		};
		F10D8AFA1AFB984100314946 /* StoreAnalytics */ = {
			isa = PBXGroup;
			children = (
				F10D8AFD1AFB984100314946 /* AppDelegate.swift */,
				F10D8B041AFB984100314946 /* Images.xcassets */,
				BF9BD1CD1AFB9DE00082B724 /* Model */,
				BF9BD1CC1AFB9DDB0082B724 /* View */,
				BF9BD1CB1AFB9DCD0082B724 /* Controller */,
				F10D8AFB1AFB984100314946 /* Supporting Files */,
			);
			path = StoreAnalytics;
			sourceTree = "<group>";
		};
		F10D8AFB1AFB984100314946 /* Supporting Files */ = {
			isa = PBXGroup;
			children = (
				F10D8AFC1AFB984100314946 /* Info.plist */,
			);
			name = "Supporting Files";
			sourceTree = "<group>";
		};
		F10D8B101AFB984100314946 /* StoreAnalyticsTests */ = {
			isa = PBXGroup;
			children = (
				F10D8B131AFB984100314946 /* StoreAnalyticsTests.swift */,
				F10D8B111AFB984100314946 /* Supporting Files */,
			);
			path = StoreAnalyticsTests;
			sourceTree = "<group>";
		};
		F10D8B111AFB984100314946 /* Supporting Files */ = {
			isa = PBXGroup;
			children = (
				F10D8B121AFB984100314946 /* Info.plist */,
			);
			name = "Supporting Files";
			sourceTree = "<group>";
		};
/* End PBXGroup section */

/* Begin PBXNativeTarget section */
		F10D8AF71AFB984100314946 /* StoreAnalytics */ = {
			isa = PBXNativeTarget;
			buildConfigurationList = F10D8B171AFB984100314946 /* Build configuration list for PBXNativeTarget "StoreAnalytics" */;
			buildPhases = (
				F10D8AF41AFB984100314946 /* Sources */,
				F10D8AF51AFB984100314946 /* Frameworks */,
				F10D8AF61AFB984100314946 /* Resources */,
			);
			buildRules = (
			);
			dependencies = (
			);
			name = StoreAnalytics;
			productName = StoreAnalytics;
			productReference = F10D8AF81AFB984100314946 /* StoreAnalytics.app */;
			productType = "com.apple.product-type.application";
		};
		F10D8B0C1AFB984100314946 /* StoreAnalyticsTests */ = {
			isa = PBXNativeTarget;
			buildConfigurationList = F10D8B1A1AFB984100314946 /* Build configuration list for PBXNativeTarget "StoreAnalyticsTests" */;
			buildPhases = (
				F10D8B091AFB984100314946 /* Sources */,
				F10D8B0A1AFB984100314946 /* Frameworks */,
				F10D8B0B1AFB984100314946 /* Resources */,
			);
			buildRules = (
			);
			dependencies = (
				F10D8B0F1AFB984100314946 /* PBXTargetDependency */,
			);
			name = StoreAnalyticsTests;
			productName = StoreAnalyticsTests;
			productReference = F10D8B0D1AFB984100314946 /* StoreAnalyticsTests.xctest */;
			productType = "com.apple.product-type.bundle.unit-test";
		};
/* End PBXNativeTarget section */

/* Begin PBXProject section */
		F10D8AF01AFB984100314946 /* Project object */ = {
			isa = PBXProject;
			attributes = {
				LastUpgradeCheck = 0630;
				ORGANIZATIONNAME = "Guilherme Leite Colares";
				TargetAttributes = {
					F10D8AF71AFB984100314946 = {
						CreatedOnToolsVersion = 6.3.1;
						DevelopmentTeam = 4NRYRR94WS;
						SystemCapabilities = {
							com.apple.BackgroundModes = {
								enabled = 1;
							};
							com.apple.Maps.iOS = {
								enabled = 0;
							};
						};
					};
					F10D8B0C1AFB984100314946 = {
						CreatedOnToolsVersion = 6.3.1;
						TestTargetID = F10D8AF71AFB984100314946;
					};
				};
			};
			buildConfigurationList = F10D8AF31AFB984100314946 /* Build configuration list for PBXProject "StoreAnalytics" */;
			compatibilityVersion = "Xcode 3.2";
			developmentRegion = English;
			hasScannedForEncodings = 0;
			knownRegions = (
				en,
				Base,
			);
			mainGroup = F10D8AEF1AFB984100314946;
			productRefGroup = F10D8AF91AFB984100314946 /* Products */;
			projectDirPath = "";
			projectRoot = "";
			targets = (
				F10D8AF71AFB984100314946 /* StoreAnalytics */,
				F10D8B0C1AFB984100314946 /* StoreAnalyticsTests */,
			);
		};
/* End PBXProject section */

/* Begin PBXResourcesBuildPhase section */
		F10D8AF61AFB984100314946 /* Resources */ = {
			isa = PBXResourcesBuildPhase;
			buildActionMask = 2147483647;
			files = (
				F10D8B031AFB984100314946 /* Main.storyboard in Resources */,
				F10D8B081AFB984100314946 /* LaunchScreen.xib in Resources */,
				F10D8B051AFB984100314946 /* Images.xcassets in Resources */,
			);
			runOnlyForDeploymentPostprocessing = 0;
		};
		F10D8B0B1AFB984100314946 /* Resources */ = {
			isa = PBXResourcesBuildPhase;
			buildActionMask = 2147483647;
			files = (
			);
			runOnlyForDeploymentPostprocessing = 0;
		};
/* End PBXResourcesBuildPhase section */

/* Begin PBXSourcesBuildPhase section */
		F10D8AF41AFB984100314946 /* Sources */ = {
			isa = PBXSourcesBuildPhase;
			buildActionMask = 2147483647;
			files = (
				BF9BD1CA1AFB9D640082B724 /* LocationViewController.swift in Sources */,
				F10D8AFE1AFB984100314946 /* AppDelegate.swift in Sources */,
				BF1EEE411B00D86F00E71F3E /* SearchViewController.swift in Sources */,
				BF1EEE451B00E24E00E71F3E /* TicketViewController.swift in Sources */,
				BF1EEE431B00DF7C00E71F3E /* LoginViewController.swift in Sources */,
				BF1EEE471B02224700E71F3E /* UserDefaultsManager.swift in Sources */,
				BF9BD1CF1AFCE1850082B724 /* InAppViewController.swift in Sources */,
			);
			runOnlyForDeploymentPostprocessing = 0;
		};
		F10D8B091AFB984100314946 /* Sources */ = {
			isa = PBXSourcesBuildPhase;
			buildActionMask = 2147483647;
			files = (
				F10D8B141AFB984100314946 /* StoreAnalyticsTests.swift in Sources */,
			);
			runOnlyForDeploymentPostprocessing = 0;
		};
/* End PBXSourcesBuildPhase section */

/* Begin PBXTargetDependency section */
		F10D8B0F1AFB984100314946 /* PBXTargetDependency */ = {
			isa = PBXTargetDependency;
			target = F10D8AF71AFB984100314946 /* StoreAnalytics */;
			targetProxy = F10D8B0E1AFB984100314946 /* PBXContainerItemProxy */;
		};
/* End PBXTargetDependency section */

/* Begin PBXVariantGroup section */
		F10D8B011AFB984100314946 /* Main.storyboard */ = {
			isa = PBXVariantGroup;
			children = (
				F10D8B021AFB984100314946 /* Base */,
			);
			name = Main.storyboard;
			sourceTree = "<group>";
		};
		F10D8B061AFB984100314946 /* LaunchScreen.xib */ = {
			isa = PBXVariantGroup;
			children = (
				F10D8B071AFB984100314946 /* Base */,
			);
			name = LaunchScreen.xib;
			sourceTree = "<group>";
		};
/* End PBXVariantGroup section */

/* Begin XCBuildConfiguration section */
		F10D8B151AFB984100314946 /* Debug */ = {
			isa = XCBuildConfiguration;
			buildSettings = {
				ALWAYS_SEARCH_USER_PATHS = NO;
				CLANG_CXX_LANGUAGE_STANDARD = "gnu++0x";
				CLANG_CXX_LIBRARY = "libc++";
				CLANG_ENABLE_MODULES = YES;
				CLANG_ENABLE_OBJC_ARC = YES;
				CLANG_WARN_BOOL_CONVERSION = YES;
				CLANG_WARN_CONSTANT_CONVERSION = YES;
				CLANG_WARN_DIRECT_OBJC_ISA_USAGE = YES_ERROR;
				CLANG_WARN_EMPTY_BODY = YES;
				CLANG_WARN_ENUM_CONVERSION = YES;
				CLANG_WARN_INT_CONVERSION = YES;
				CLANG_WARN_OBJC_ROOT_CLASS = YES_ERROR;
				CLANG_WARN_UNREACHABLE_CODE = YES;
				CLANG_WARN__DUPLICATE_METHOD_MATCH = YES;
				"CODE_SIGN_IDENTITY[sdk=iphoneos*]" = "iPhone Developer";
				COPY_PHASE_STRIP = NO;
				DEBUG_INFORMATION_FORMAT = "dwarf-with-dsym";
				ENABLE_STRICT_OBJC_MSGSEND = YES;
				GCC_C_LANGUAGE_STANDARD = gnu99;
				GCC_DYNAMIC_NO_PIC = NO;
				GCC_NO_COMMON_BLOCKS = YES;
				GCC_OPTIMIZATION_LEVEL = 0;
				GCC_PREPROCESSOR_DEFINITIONS = (
					"DEBUG=1",
					"$(inherited)",
				);
				GCC_SYMBOLS_PRIVATE_EXTERN = NO;
				GCC_WARN_64_TO_32_BIT_CONVERSION = YES;
				GCC_WARN_ABOUT_RETURN_TYPE = YES_ERROR;
				GCC_WARN_UNDECLARED_SELECTOR = YES;
				GCC_WARN_UNINITIALIZED_AUTOS = YES_AGGRESSIVE;
				GCC_WARN_UNUSED_FUNCTION = YES;
				GCC_WARN_UNUSED_VARIABLE = YES;
				IPHONEOS_DEPLOYMENT_TARGET = 8.3;
				MTL_ENABLE_DEBUG_INFO = YES;
				ONLY_ACTIVE_ARCH = YES;
				SDKROOT = iphoneos;
				SWIFT_OPTIMIZATION_LEVEL = "-Onone";
				TARGETED_DEVICE_FAMILY = "1,2";
			};
			name = Debug;
		};
		F10D8B161AFB984100314946 /* Release */ = {
			isa = XCBuildConfiguration;
			buildSettings = {
				ALWAYS_SEARCH_USER_PATHS = NO;
				CLANG_CXX_LANGUAGE_STANDARD = "gnu++0x";
				CLANG_CXX_LIBRARY = "libc++";
				CLANG_ENABLE_MODULES = YES;
				CLANG_ENABLE_OBJC_ARC = YES;
				CLANG_WARN_BOOL_CONVERSION = YES;
				CLANG_WARN_CONSTANT_CONVERSION = YES;
				CLANG_WARN_DIRECT_OBJC_ISA_USAGE = YES_ERROR;
				CLANG_WARN_EMPTY_BODY = YES;
				CLANG_WARN_ENUM_CONVERSION = YES;
				CLANG_WARN_INT_CONVERSION = YES;
				CLANG_WARN_OBJC_ROOT_CLASS = YES_ERROR;
				CLANG_WARN_UNREACHABLE_CODE = YES;
				CLANG_WARN__DUPLICATE_METHOD_MATCH = YES;
				"CODE_SIGN_IDENTITY[sdk=iphoneos*]" = "iPhone Developer";
				COPY_PHASE_STRIP = NO;
				DEBUG_INFORMATION_FORMAT = "dwarf-with-dsym";
				ENABLE_NS_ASSERTIONS = NO;
				ENABLE_STRICT_OBJC_MSGSEND = YES;
				GCC_C_LANGUAGE_STANDARD = gnu99;
				GCC_NO_COMMON_BLOCKS = YES;
				GCC_WARN_64_TO_32_BIT_CONVERSION = YES;
				GCC_WARN_ABOUT_RETURN_TYPE = YES_ERROR;
				GCC_WARN_UNDECLARED_SELECTOR = YES;
				GCC_WARN_UNINITIALIZED_AUTOS = YES_AGGRESSIVE;
				GCC_WARN_UNUSED_FUNCTION = YES;
				GCC_WARN_UNUSED_VARIABLE = YES;
				IPHONEOS_DEPLOYMENT_TARGET = 8.3;
				MTL_ENABLE_DEBUG_INFO = NO;
				SDKROOT = iphoneos;
				TARGETED_DEVICE_FAMILY = "1,2";
				VALIDATE_PRODUCT = YES;
			};
			name = Release;
		};
		F10D8B181AFB984100314946 /* Debug */ = {
			isa = XCBuildConfiguration;
			buildSettings = {
				ASSETCATALOG_COMPILER_APPICON_NAME = AppIcon;
				CODE_SIGN_IDENTITY = "iPhone Developer";
				"CODE_SIGN_IDENTITY[sdk=iphoneos*]" = "iPhone Developer";
				FRAMEWORK_SEARCH_PATHS = (
					"$(inherited)",
					"$(PROJECT_DIR)/parse-library-1-5",
				);
				INFOPLIST_FILE = StoreAnalytics/Info.plist;
				LD_RUNPATH_SEARCH_PATHS = "$(inherited) @executable_path/Frameworks";
				PRODUCT_NAME = "$(TARGET_NAME)";
				PROVISIONING_PROFILE = "5c1c6aea-9d2e-4a78-b7e7-8e4bbd76b5e8";
			};
			name = Debug;
		};
		F10D8B191AFB984100314946 /* Release */ = {
			isa = XCBuildConfiguration;
			buildSettings = {
				ASSETCATALOG_COMPILER_APPICON_NAME = AppIcon;
				CODE_SIGN_IDENTITY = "iPhone Developer";
				"CODE_SIGN_IDENTITY[sdk=iphoneos*]" = "iPhone Developer";
				FRAMEWORK_SEARCH_PATHS = (
					"$(inherited)",
					"$(PROJECT_DIR)/parse-library-1-5",
				);
				INFOPLIST_FILE = StoreAnalytics/Info.plist;
				LD_RUNPATH_SEARCH_PATHS = "$(inherited) @executable_path/Frameworks";
				PRODUCT_NAME = "$(TARGET_NAME)";
				PROVISIONING_PROFILE = "408ce395-131e-4593-ab10-4c64644c87b0";
			};
			name = Release;
		};
		F10D8B1B1AFB984100314946 /* Debug */ = {
			isa = XCBuildConfiguration;
			buildSettings = {
				BUNDLE_LOADER = "$(TEST_HOST)";
				FRAMEWORK_SEARCH_PATHS = (
					"$(SDKROOT)/Developer/Library/Frameworks",
					"$(inherited)",
				);
				GCC_PREPROCESSOR_DEFINITIONS = (
					"DEBUG=1",
					"$(inherited)",
				);
				INFOPLIST_FILE = StoreAnalyticsTests/Info.plist;
				LD_RUNPATH_SEARCH_PATHS = "$(inherited) @executable_path/Frameworks @loader_path/Frameworks";
				PRODUCT_NAME = "$(TARGET_NAME)";
				TEST_HOST = "$(BUILT_PRODUCTS_DIR)/StoreAnalytics.app/StoreAnalytics";
			};
			name = Debug;
		};
		F10D8B1C1AFB984100314946 /* Release */ = {
			isa = XCBuildConfiguration;
			buildSettings = {
				BUNDLE_LOADER = "$(TEST_HOST)";
				FRAMEWORK_SEARCH_PATHS = (
					"$(SDKROOT)/Developer/Library/Frameworks",
					"$(inherited)",
				);
				INFOPLIST_FILE = StoreAnalyticsTests/Info.plist;
				LD_RUNPATH_SEARCH_PATHS = "$(inherited) @executable_path/Frameworks @loader_path/Frameworks";
				PRODUCT_NAME = "$(TARGET_NAME)";
				TEST_HOST = "$(BUILT_PRODUCTS_DIR)/StoreAnalytics.app/StoreAnalytics";
			};
			name = Release;
		};
/* End XCBuildConfiguration section */

/* Begin XCConfigurationList section */
		F10D8AF31AFB984100314946 /* Build configuration list for PBXProject "StoreAnalytics" */ = {
			isa = XCConfigurationList;
			buildConfigurations = (
				F10D8B151AFB984100314946 /* Debug */,
				F10D8B161AFB984100314946 /* Release */,
			);
			defaultConfigurationIsVisible = 0;
			defaultConfigurationName = Release;
		};
		F10D8B171AFB984100314946 /* Build configuration list for PBXNativeTarget "StoreAnalytics" */ = {
			isa = XCConfigurationList;
			buildConfigurations = (
				F10D8B181AFB984100314946 /* Debug */,
				F10D8B191AFB984100314946 /* Release */,
			);
			defaultConfigurationIsVisible = 0;
			defaultConfigurationName = Release;
		};
		F10D8B1A1AFB984100314946 /* Build configuration list for PBXNativeTarget "StoreAnalyticsTests" */ = {
			isa = XCConfigurationList;
			buildConfigurations = (
				F10D8B1B1AFB984100314946 /* Debug */,
				F10D8B1C1AFB984100314946 /* Release */,
			);
			defaultConfigurationIsVisible = 0;
			defaultConfigurationName = Release;
		};
/* End XCConfigurationList section */
	};
	rootObject = F10D8AF01AFB984100314946 /* Project object */;
}
